
Microsoft Visual Studio Solution File, Format Version 12.00
# Visual Studio Version 16
VisualStudioVersion = 16.0.29009.5
MinimumVisualStudioVersion = 10.0.40219.1
Project("{FAE04EC0-301F-11D3-BF4B-00C04F79EFBC}") = "Current Bangladesh from Google", "Current Bangladesh from Google\Current Bangladesh from Google.csproj", "{15ABEDFE-A0F7-4C49-B7B1-4C28A23D0F26}"
EndProject
Global
	GlobalSection(SolutionConfigurationPlatforms) = preSolution
		Debug|Any CPU = Debug|Any CPU
		Release|Any CPU = Release|Any CPU
	EndGlobalSection
	GlobalSection(ProjectConfigurationPlatforms) = postSolution
		{15ABEDFE-A0F7-4C49-B7B1-4C28A23D0F26}.Debug|Any CPU.ActiveCfg = Debug|Any CPU
		{15ABEDFE-A0F7-4C49-B7B1-4C28A23D0F26}.Debug|Any CPU.Build.0 = Debug|Any CPU
		{15ABEDFE-A0F7-4C49-B7B1-4C28A23D0F26}.Release|Any CPU.ActiveCfg = Release|Any CPU
		{15ABEDFE-A0F7-4C49-B7B1-4C28A23D0F26}.Release|Any CPU.Build.0 = Release|Any CPU
	EndGlobalSection
	GlobalSection(SolutionProperties) = preSolution
		HideSolutionNode = FALSE
	EndGlobalSection
	GlobalSection(ExtensibilityGlobals) = postSolution
		SolutionGuid = {EEF5BB86-1A83-4E74-BF99-7F222AC56D2D}
	EndGlobalSection
EndGlobal
